
Microsoft Visual Studio Solution File, Format Version 12.00
# Visual Studio Version 17
VisualStudioVersion = 17.7.34024.191
MinimumVisualStudioVersion = 10.0.40219.1
Project("{C9674DCB-5085-4A16-B785-4C70DD1589BD}") = "Lab2", "Lab2.dtproj", "{3AA41057-EEC0-4749-9C26-38526E26ACAF}"
EndProject
Global
	GlobalSection(SolutionConfigurationPlatforms) = preSolution
		Development|Default = Development|Default
	EndGlobalSection
	GlobalSection(ProjectConfigurationPlatforms) = postSolution
		{3AA41057-EEC0-4749-9C26-38526E26ACAF}.Development|Default.ActiveCfg = Development
		{3AA41057-EEC0-4749-9C26-38526E26ACAF}.Development|Default.Build.0 = Development
	EndGlobalSection
	GlobalSection(SolutionProperties) = preSolution
		HideSolutionNode = FALSE
	EndGlobalSection
	GlobalSection(ExtensibilityGlobals) = postSolution
		SolutionGuid = {0ADCCC74-FA17-4B00-934D-3259DC1E61F1}
	EndGlobalSection
EndGlobal
