
Microsoft Visual Studio Solution File, Format Version 12.00
# Visual Studio Version 17
VisualStudioVersion = 17.7.34024.191
MinimumVisualStudioVersion = 10.0.40219.1
Project("{C9674DCB-5085-4A16-B785-4C70DD1589BD}") = "DEP302_Lab3", "DEP302_Lab3.dtproj", "{AE9210BB-A896-493D-BD5D-E9F4B8E184BD}"
EndProject
Global
	GlobalSection(SolutionConfigurationPlatforms) = preSolution
		Development|Default = Development|Default
	EndGlobalSection
	GlobalSection(ProjectConfigurationPlatforms) = postSolution
		{AE9210BB-A896-493D-BD5D-E9F4B8E184BD}.Development|Default.ActiveCfg = Development
		{AE9210BB-A896-493D-BD5D-E9F4B8E184BD}.Development|Default.Build.0 = Development
	EndGlobalSection
	GlobalSection(SolutionProperties) = preSolution
		HideSolutionNode = FALSE
	EndGlobalSection
	GlobalSection(ExtensibilityGlobals) = postSolution
		SolutionGuid = {F36480D6-E7F4-457D-8186-EE84512C6E98}
	EndGlobalSection
EndGlobal
